<?xml version="1.0"?>
<Project ToolsVersion="4.0" xmlns="http://schemas.microsoft.com/developer/msbuild/2003">
	<ItemGroup>
		<ClCompile Include="src\ofApp.cpp">
			<Filter>src</Filter>
		</ClCompile>
		<ClCompile Include="src\main.cpp">
			<Filter>src</Filter>
		</ClCompile>
		<ClCompile Include="src\main.cpp">
			<Filter>src</Filter>
		</ClCompile>
		<ClCompile Include="src\ofApp.cpp">
			<Filter>src</Filter>
		</ClCompile>
		<ClCompile Include="..\..\..\addons\ofxAddonTemplateCustomApp\src\myClassBasic.cpp">
			<Filter>addons\ofxAddonTemplateCustomApp\src</Filter>
		</ClCompile>
		<ClCompile Include="..\..\..\addons\ofxAddonTemplateCustomApp\src\ofxAddonTemplateCustomApp.cpp">
			<Filter>addons\ofxAddonTemplateCustomApp\src</Filter>
		</ClCompile>
		<ClCompile Include="..\..\..\addons\ofxGui\src\ofxBaseGui.cpp">
			<Filter>addons\ofxGui\src</Filter>
		</ClCompile>
		<ClCompile Include="..\..\..\addons\ofxGui\src\ofxButton.cpp">
			<Filter>addons\ofxGui\src</Filter>
		</ClCompile>
		<ClCompile Include="..\..\..\addons\ofxGui\src\ofxColorPicker.cpp">
			<Filter>addons\ofxGui\src</Filter>
		</ClCompile>
		<ClCompile Include="..\..\..\addons\ofxGui\src\ofxGuiGroup.cpp">
			<Filter>addons\ofxGui\src</Filter>
		</ClCompile>
		<ClCompile Include="..\..\..\addons\ofxGui\src\ofxInputField.cpp">
			<Filter>addons\ofxGui\src</Filter>
		</ClCompile>
		<ClCompile Include="..\..\..\addons\ofxGui\src\ofxLabel.cpp">
			<Filter>addons\ofxGui\src</Filter>
		</ClCompile>
		<ClCompile Include="..\..\..\addons\ofxGui\src\ofxPanel.cpp">
			<Filter>addons\ofxGui\src</Filter>
		</ClCompile>
		<ClCompile Include="..\..\..\addons\ofxGui\src\ofxSlider.cpp">
			<Filter>addons\ofxGui\src</Filter>
		</ClCompile>
		<ClCompile Include="..\..\..\addons\ofxGui\src\ofxSliderGroup.cpp">
			<Filter>addons\ofxGui\src</Filter>
		</ClCompile>
		<ClCompile Include="..\..\..\addons\ofxGui\src\ofxToggle.cpp">
			<Filter>addons\ofxGui\src</Filter>
		</ClCompile>
		<ClCompile Include="..\..\..\addons\ofxSurfingHelpers\src\ofxAutosaveGroupTimer.cpp">
			<Filter>addons\ofxSurfingHelpers\src</Filter>
		</ClCompile>
	</ItemGroup>
	<ItemGroup>
		<Filter Include="src">
			<UniqueIdentifier>{d8376475-7454-4a24-b08a-aac121d3ad6f}</UniqueIdentifier>
		</Filter>
		<Filter Include="addons">
			<UniqueIdentifier>{71834F65-F3A9-211E-73B8-DC85}</UniqueIdentifier>
		</Filter>
		<Filter Include="addons\ofxAddonTemplateCustomApp">
			<UniqueIdentifier>{84892846-0A90-A0D2-7FA8-1898}</UniqueIdentifier>
		</Filter>
		<Filter Include="addons\ofxAddonTemplateCustomApp\src">
			<UniqueIdentifier>{9EEDB9DF-CFB2-7C42-70C8-CB95}</UniqueIdentifier>
		</Filter>
		<Filter Include="addons\ofxGui">
			<UniqueIdentifier>{4F2A59AF-5F4E-704B-D067-EC13}</UniqueIdentifier>
		</Filter>
		<Filter Include="addons\ofxGui\src">
			<UniqueIdentifier>{645E9533-4DCD-6179-1CDF-CB65}</UniqueIdentifier>
		</Filter>
		<Filter Include="addons\ofxSurfingHelpers">
			<UniqueIdentifier>{19961354-8E43-C9ED-60AF-B06B}</UniqueIdentifier>
		</Filter>
		<Filter Include="addons\ofxSurfingHelpers\src">
			<UniqueIdentifier>{CBDE2AB3-DA18-37C6-DC0F-8A82}</UniqueIdentifier>
		</Filter>
		<Filter Include="addons\ofxSurfingHelpers\src\widgets">
			<UniqueIdentifier>{492239BE-AE51-B54B-B145-21ED}</UniqueIdentifier>
		</Filter>
	</ItemGroup>
	<ItemGroup>
		<ClInclude Include="src\ofApp.h">
			<Filter>src</Filter>
		</ClInclude>
		<ClInclude Include="src\ofApp.h">
			<Filter>src</Filter>
		</ClInclude>
		<ClInclude Include="..\..\..\addons\ofxAddonTemplateCustomApp\src\myClassBasic.h">
			<Filter>addons\ofxAddonTemplateCustomApp\src</Filter>
		</ClInclude>
		<ClInclude Include="..\..\..\addons\ofxAddonTemplateCustomApp\src\ofxAddonTemplateCustomApp.h">
			<Filter>addons\ofxAddonTemplateCustomApp\src</Filter>
		</ClInclude>
		<ClInclude Include="..\..\..\addons\ofxGui\src\ofxBaseGui.h">
			<Filter>addons\ofxGui\src</Filter>
		</ClInclude>
		<ClInclude Include="..\..\..\addons\ofxGui\src\ofxButton.h">
			<Filter>addons\ofxGui\src</Filter>
		</ClInclude>
		<ClInclude Include="..\..\..\addons\ofxGui\src\ofxColorPicker.h">
			<Filter>addons\ofxGui\src</Filter>
		</ClInclude>
		<ClInclude Include="..\..\..\addons\ofxGui\src\ofxGui.h">
			<Filter>addons\ofxGui\src</Filter>
		</ClInclude>
		<ClInclude Include="..\..\..\addons\ofxGui\src\ofxGuiGroup.h">
			<Filter>addons\ofxGui\src</Filter>
		</ClInclude>
		<ClInclude Include="..\..\..\addons\ofxGui\src\ofxGuiUtils.h">
			<Filter>addons\ofxGui\src</Filter>
		</ClInclude>
		<ClInclude Include="..\..\..\addons\ofxGui\src\ofxInputField.h">
			<Filter>addons\ofxGui\src</Filter>
		</ClInclude>
		<ClInclude Include="..\..\..\addons\ofxGui\src\ofxLabel.h">
			<Filter>addons\ofxGui\src</Filter>
		</ClInclude>
		<ClInclude Include="..\..\..\addons\ofxGui\src\ofxPanel.h">
			<Filter>addons\ofxGui\src</Filter>
		</ClInclude>
		<ClInclude Include="..\..\..\addons\ofxGui\src\ofxSlider.h">
			<Filter>addons\ofxGui\src</Filter>
		</ClInclude>
		<ClInclude Include="..\..\..\addons\ofxGui\src\ofxSliderGroup.h">
			<Filter>addons\ofxGui\src</Filter>
		</ClInclude>
		<ClInclude Include="..\..\..\addons\ofxGui\src\ofxToggle.h">
			<Filter>addons\ofxGui\src</Filter>
		</ClInclude>
		<ClInclude Include="..\..\..\addons\ofxSurfingHelpers\src\AutoSaveTimer.h">
			<Filter>addons\ofxSurfingHelpers\src</Filter>
		</ClInclude>
		<ClInclude Include="..\..\..\addons\ofxSurfingHelpers\src\ofxAutosaveGroupTimer.h">
			<Filter>addons\ofxSurfingHelpers\src</Filter>
		</ClInclude>
		<ClInclude Include="..\..\..\addons\ofxSurfingHelpers\src\ofxSurfingConstants.h">
			<Filter>addons\ofxSurfingHelpers\src</Filter>
		</ClInclude>
		<ClInclude Include="..\..\..\addons\ofxSurfingHelpers\src\ofxSurfingHelpers.h">
			<Filter>addons\ofxSurfingHelpers\src</Filter>
		</ClInclude>
		<ClInclude Include="..\..\..\addons\ofxSurfingHelpers\src\ofxSurfing_Files.h">
			<Filter>addons\ofxSurfingHelpers\src</Filter>
		</ClInclude>
		<ClInclude Include="..\..\..\addons\ofxSurfingHelpers\src\ofxSurfing_ofxGui.h">
			<Filter>addons\ofxSurfingHelpers\src</Filter>
		</ClInclude>
		<ClInclude Include="..\..\..\addons\ofxSurfingHelpers\src\ofxSurfing_Timers.h">
			<Filter>addons\ofxSurfingHelpers\src</Filter>
		</ClInclude>
		<ClInclude Include="..\..\..\addons\ofxSurfingHelpers\src\ofxSurfing_Widgets.h">
			<Filter>addons\ofxSurfingHelpers\src</Filter>
		</ClInclude>
		<ClInclude Include="..\..\..\addons\ofxSurfingHelpers\src\TimerHiddeCursor.h">
			<Filter>addons\ofxSurfingHelpers\src</Filter>
		</ClInclude>
		<ClInclude Include="..\..\..\addons\ofxSurfingHelpers\src\widgets\BarValue.h">
			<Filter>addons\ofxSurfingHelpers\src\widgets</Filter>
		</ClInclude>
		<ClInclude Include="..\..\..\addons\ofxSurfingHelpers\src\widgets\BpmTapTempo.h">
			<Filter>addons\ofxSurfingHelpers\src\widgets</Filter>
		</ClInclude>
		<ClInclude Include="..\..\..\addons\ofxSurfingHelpers\src\widgets\CircleBeat.h">
			<Filter>addons\ofxSurfingHelpers\src\widgets</Filter>
		</ClInclude>
		<ClInclude Include="..\..\..\addons\ofxSurfingHelpers\src\widgets\CircleCycle.h">
			<Filter>addons\ofxSurfingHelpers\src\widgets</Filter>
		</ClInclude>
		<ClInclude Include="..\..\..\addons\ofxSurfingHelpers\src\widgets\TextBoxWidget.h">
			<Filter>addons\ofxSurfingHelpers\src\widgets</Filter>
		</ClInclude>
	</ItemGroup>
	<ItemGroup>
		<ResourceCompile Include="icon.rc" />
	</ItemGroup>
</Project>
